{
  "name": "speedscript-assistant-app-main",
  "version": "1.0.0",
  "lockfileVersion": 2,
  "requires": true,
  "packages": {
    "": {
      "name": "speedscript-assistant-app-main",
      "version": "1.0.0",
      "license": "ISC",
      "dependencies": {
        "speedscript": "^0.0.63"
      }
    },
    "node_modules/speedscript": {
      "version": "0.0.63",
      "resolved": "https://registry.npmjs.org/speedscript/-/speedscript-0.0.63.tgz",
      "integrity": "sha512-noKaG9GhTYbeN2OYzHl3Spt/m46eJKzN0uayyM1IpYkU6ZY+wrZ4LoB0Tvw6BYZKAkJGMrcrw3QTlyVqJOoXqg=="
    }
  },
  "dependencies": {
    "speedscript": {
      "version": "0.0.63",
      "resolved": "https://registry.npmjs.org/speedscript/-/speedscript-0.0.63.tgz",
      "integrity": "sha512-noKaG9GhTYbeN2OYzHl3Spt/m46eJKzN0uayyM1IpYkU6ZY+wrZ4LoB0Tvw6BYZKAkJGMrcrw3QTlyVqJOoXqg=="
    }
  }
}
